// !$*UTF8*$!
{
	archiveVersion = 1;
	classes = {
	};
	objectVersion = 50;
	objects = {

/* Begin PBXBuildFile section */
		85E520E8266D327600F16051 /* UIApplicationExtensions.swift in Sources */ = {isa = PBXBuildFile; fileRef = 85E520E7266D327600F16051 /* UIApplicationExtensions.swift */; };
		85EE6557266CBAE200A35691 /* WordplayApp.swift in Sources */ = {isa = PBXBuildFile; fileRef = 85EE6556266CBAE200A35691 /* WordplayApp.swift */; };
		85EE6559266CBAE200A35691 /* ContentView.swift in Sources */ = {isa = PBXBuildFile; fileRef = 85EE6558266CBAE200A35691 /* ContentView.swift */; };
		85EE655B266CBAE600A35691 /* Assets.xcassets in Resources */ = {isa = PBXBuildFile; fileRef = 85EE655A266CBAE600A35691 /* Assets.xcassets */; };
		85EE655E266CBAE600A35691 /* Preview Assets.xcassets in Resources */ = {isa = PBXBuildFile; fileRef = 85EE655D266CBAE600A35691 /* Preview Assets.xcassets */; };
		85EE6569266CBAE600A35691 /* WordplayTests.swift in Sources */ = {isa = PBXBuildFile; fileRef = 85EE6568266CBAE600A35691 /* WordplayTests.swift */; };
		85EE6574266CBAE600A35691 /* WordplayUITests.swift in Sources */ = {isa = PBXBuildFile; fileRef = 85EE6573266CBAE600A35691 /* WordplayUITests.swift */; };
		85EE6582266CBBD000A35691 /* start.txt in Resources */ = {isa = PBXBuildFile; fileRef = 85EE6581266CBBD000A35691 /* start.txt */; };
/* End PBXBuildFile section */

/* Begin PBXContainerItemProxy section */
		85EE6565266CBAE600A35691 /* PBXContainerItemProxy */ = {
			isa = PBXContainerItemProxy;
			containerPortal = 85EE654B266CBAE100A35691 /* Project object */;
			proxyType = 1;
			remoteGlobalIDString = 85EE6552266CBAE200A35691;
			remoteInfo = Wordplay;
		};
		85EE6570266CBAE600A35691 /* PBXContainerItemProxy */ = {
			isa = PBXContainerItemProxy;
			containerPortal = 85EE654B266CBAE100A35691 /* Project object */;
			proxyType = 1;
			remoteGlobalIDString = 85EE6552266CBAE200A35691;
			remoteInfo = Wordplay;
		};
/* End PBXContainerItemProxy section */

/* Begin PBXFileReference section */
		85E520E7266D327600F16051 /* UIApplicationExtensions.swift */ = {isa = PBXFileReference; lastKnownFileType = sourcecode.swift; path = UIApplicationExtensions.swift; sourceTree = "<group>"; };
		85EE6553266CBAE200A35691 /* Wordplay.app */ = {isa = PBXFileReference; explicitFileType = wrapper.application; includeInIndex = 0; path = Wordplay.app; sourceTree = BUILT_PRODUCTS_DIR; };
		85EE6556266CBAE200A35691 /* WordplayApp.swift */ = {isa = PBXFileReference; lastKnownFileType = sourcecode.swift; path = WordplayApp.swift; sourceTree = "<group>"; };
		85EE6558266CBAE200A35691 /* ContentView.swift */ = {isa = PBXFileReference; lastKnownFileType = sourcecode.swift; path = ContentView.swift; sourceTree = "<group>"; };
		85EE655A266CBAE600A35691 /* Assets.xcassets */ = {isa = PBXFileReference; lastKnownFileType = folder.assetcatalog; path = Assets.xcassets; sourceTree = "<group>"; };
		85EE655D266CBAE600A35691 /* Preview Assets.xcassets */ = {isa = PBXFileReference; lastKnownFileType = folder.assetcatalog; path = "Preview Assets.xcassets"; sourceTree = "<group>"; };
		85EE655F266CBAE600A35691 /* Info.plist */ = {isa = PBXFileReference; lastKnownFileType = text.plist.xml; path = Info.plist; sourceTree = "<group>"; };
		85EE6564266CBAE600A35691 /* WordplayTests.xctest */ = {isa = PBXFileReference; explicitFileType = wrapper.cfbundle; includeInIndex = 0; path = WordplayTests.xctest; sourceTree = BUILT_PRODUCTS_DIR; };
		85EE6568266CBAE600A35691 /* WordplayTests.swift */ = {isa = PBXFileReference; lastKnownFileType = sourcecode.swift; path = WordplayTests.swift; sourceTree = "<group>"; };
		85EE656A266CBAE600A35691 /* Info.plist */ = {isa = PBXFileReference; lastKnownFileType = text.plist.xml; path = Info.plist; sourceTree = "<group>"; };
		85EE656F266CBAE600A35691 /* WordplayUITests.xctest */ = {isa = PBXFileReference; explicitFileType = wrapper.cfbundle; includeInIndex = 0; path = WordplayUITests.xctest; sourceTree = BUILT_PRODUCTS_DIR; };
		85EE6573266CBAE600A35691 /* WordplayUITests.swift */ = {isa = PBXFileReference; lastKnownFileType = sourcecode.swift; path = WordplayUITests.swift; sourceTree = "<group>"; };
		85EE6575266CBAE600A35691 /* Info.plist */ = {isa = PBXFileReference; lastKnownFileType = text.plist.xml; path = Info.plist; sourceTree = "<group>"; };
		85EE6581266CBBD000A35691 /* start.txt */ = {isa = PBXFileReference; fileEncoding = 4; lastKnownFileType = text; path = start.txt; sourceTree = "<group>"; };
/* End PBXFileReference section */

/* Begin PBXFrameworksBuildPhase section */
		85EE6550266CBAE200A35691 /* Frameworks */ = {
			isa = PBXFrameworksBuildPhase;
			buildActionMask = 2147483647;
			files = (
			);
			runOnlyForDeploymentPostprocessing = 0;
		};
		85EE6561266CBAE600A35691 /* Frameworks */ = {
			isa = PBXFrameworksBuildPhase;
			buildActionMask = 2147483647;
			files = (
			);
			runOnlyForDeploymentPostprocessing = 0;
		};
		85EE656C266CBAE600A35691 /* Frameworks */ = {
			isa = PBXFrameworksBuildPhase;
			buildActionMask = 2147483647;
			files = (
			);
			runOnlyForDeploymentPostprocessing = 0;
		};
/* End PBXFrameworksBuildPhase section */

/* Begin PBXGroup section */
		85EE654A266CBAE100A35691 = {
			isa = PBXGroup;
			children = (
				85EE6555266CBAE200A35691 /* Wordplay */,
				85EE6567266CBAE600A35691 /* WordplayTests */,
				85EE6572266CBAE600A35691 /* WordplayUITests */,
				85EE6554266CBAE200A35691 /* Products */,
			);
			sourceTree = "<group>";
		};
		85EE6554266CBAE200A35691 /* Products */ = {
			isa = PBXGroup;
			children = (
				85EE6553266CBAE200A35691 /* Wordplay.app */,
				85EE6564266CBAE600A35691 /* WordplayTests.xctest */,
				85EE656F266CBAE600A35691 /* WordplayUITests.xctest */,
			);
			name = Products;
			sourceTree = "<group>";
		};
		85EE6555266CBAE200A35691 /* Wordplay */ = {
			isa = PBXGroup;
			children = (
				85EE6581266CBBD000A35691 /* start.txt */,
				85EE6556266CBAE200A35691 /* WordplayApp.swift */,
				85EE6558266CBAE200A35691 /* ContentView.swift */,
				85E520E7266D327600F16051 /* UIApplicationExtensions.swift */,
				85EE655A266CBAE600A35691 /* Assets.xcassets */,
				85EE655F266CBAE600A35691 /* Info.plist */,
				85EE655C266CBAE600A35691 /* Preview Content */,
			);
			path = Wordplay;
			sourceTree = "<group>";
		};
		85EE655C266CBAE600A35691 /* Preview Content */ = {
			isa = PBXGroup;
			children = (
				85EE655D266CBAE600A35691 /* Preview Assets.xcassets */,
			);
			path = "Preview Content";
			sourceTree = "<group>";
		};
		85EE6567266CBAE600A35691 /* WordplayTests */ = {
			isa = PBXGroup;
			children = (
				85EE6568266CBAE600A35691 /* WordplayTests.swift */,
				85EE656A266CBAE600A35691 /* Info.plist */,
			);
			path = WordplayTests;
			sourceTree = "<group>";
		};
		85EE6572266CBAE600A35691 /* WordplayUITests */ = {
			isa = PBXGroup;
			children = (
				85EE6573266CBAE600A35691 /* WordplayUITests.swift */,
				85EE6575266CBAE600A35691 /* Info.plist */,
			);
			path = WordplayUITests;
			sourceTree = "<group>";
		};
/* End PBXGroup section */

/* Begin PBXNativeTarget section */
		85EE6552266CBAE200A35691 /* Wordplay */ = {
			isa = PBXNativeTarget;
			buildConfigurationList = 85EE6578266CBAE600A35691 /* Build configuration list for PBXNativeTarget "Wordplay" */;
			buildPhases = (
				85EE654F266CBAE200A35691 /* Sources */,
				85EE6550266CBAE200A35691 /* Frameworks */,
				85EE6551266CBAE200A35691 /* Resources */,
			);
			buildRules = (
			);
			dependencies = (
			);
			name = Wordplay;
			productName = Wordplay;
			productReference = 85EE6553266CBAE200A35691 /* Wordplay.app */;
			productType = "com.apple.product-type.application";
		};
		85EE6563266CBAE600A35691 /* WordplayTests */ = {
			isa = PBXNativeTarget;
			buildConfigurationList = 85EE657B266CBAE600A35691 /* Build configuration list for PBXNativeTarget "WordplayTests" */;
			buildPhases = (
				85EE6560266CBAE600A35691 /* Sources */,
				85EE6561266CBAE600A35691 /* Frameworks */,
				85EE6562266CBAE600A35691 /* Resources */,
			);
			buildRules = (
			);
			dependencies = (
				85EE6566266CBAE600A35691 /* PBXTargetDependency */,
			);
			name = WordplayTests;
			productName = WordplayTests;
			productReference = 85EE6564266CBAE600A35691 /* WordplayTests.xctest */;
			productType = "com.apple.product-type.bundle.unit-test";
		};
		85EE656E266CBAE600A35691 /* WordplayUITests */ = {
			isa = PBXNativeTarget;
			buildConfigurationList = 85EE657E266CBAE600A35691 /* Build configuration list for PBXNativeTarget "WordplayUITests" */;
			buildPhases = (
				85EE656B266CBAE600A35691 /* Sources */,
				85EE656C266CBAE600A35691 /* Frameworks */,
				85EE656D266CBAE600A35691 /* Resources */,
			);
			buildRules = (
			);
			dependencies = (
				85EE6571266CBAE600A35691 /* PBXTargetDependency */,
			);
			name = WordplayUITests;
			productName = WordplayUITests;
			productReference = 85EE656F266CBAE600A35691 /* WordplayUITests.xctest */;
			productType = "com.apple.product-type.bundle.ui-testing";
		};
/* End PBXNativeTarget section */

/* Begin PBXProject section */
		85EE654B266CBAE100A35691 /* Project object */ = {
			isa = PBXProject;
			attributes = {
				LastSwiftUpdateCheck = 1250;
				LastUpgradeCheck = 1250;
				TargetAttributes = {
					85EE6552266CBAE200A35691 = {
						CreatedOnToolsVersion = 12.5;
					};
					85EE6563266CBAE600A35691 = {
						CreatedOnToolsVersion = 12.5;
						TestTargetID = 85EE6552266CBAE200A35691;
					};
					85EE656E266CBAE600A35691 = {
						CreatedOnToolsVersion = 12.5;
						TestTargetID = 85EE6552266CBAE200A35691;
					};
				};
			};
			buildConfigurationList = 85EE654E266CBAE100A35691 /* Build configuration list for PBXProject "Wordplay" */;
			compatibilityVersion = "Xcode 9.3";
			developmentRegion = en;
			hasScannedForEncodings = 0;
			knownRegions = (
				en,
				Base,
			);
			mainGroup = 85EE654A266CBAE100A35691;
			productRefGroup = 85EE6554266CBAE200A35691 /* Products */;
			projectDirPath = "";
			projectRoot = "";
			targets = (
				85EE6552266CBAE200A35691 /* Wordplay */,
				85EE6563266CBAE600A35691 /* WordplayTests */,
				85EE656E266CBAE600A35691 /* WordplayUITests */,
			);
		};
/* End PBXProject section */

/* Begin PBXResourcesBuildPhase section */
		85EE6551266CBAE200A35691 /* Resources */ = {
			isa = PBXResourcesBuildPhase;
			buildActionMask = 2147483647;
			files = (
				85EE655E266CBAE600A35691 /* Preview Assets.xcassets in Resources */,
				85EE6582266CBBD000A35691 /* start.txt in Resources */,
				85EE655B266CBAE600A35691 /* Assets.xcassets in Resources */,
			);
			runOnlyForDeploymentPostprocessing = 0;
		};
		85EE6562266CBAE600A35691 /* Resources */ = {
			isa = PBXResourcesBuildPhase;
			buildActionMask = 2147483647;
			files = (
			);
			runOnlyForDeploymentPostprocessing = 0;
		};
		85EE656D266CBAE600A35691 /* Resources */ = {
			isa = PBXResourcesBuildPhase;
			buildActionMask = 2147483647;
			files = (
			);
			runOnlyForDeploymentPostprocessing = 0;
		};
/* End PBXResourcesBuildPhase section */

/* Begin PBXSourcesBuildPhase section */
		85EE654F266CBAE200A35691 /* Sources */ = {
			isa = PBXSourcesBuildPhase;
			buildActionMask = 2147483647;
			files = (
				85E520E8266D327600F16051 /* UIApplicationExtensions.swift in Sources */,
				85EE6559266CBAE200A35691 /* ContentView.swift in Sources */,
				85EE6557266CBAE200A35691 /* WordplayApp.swift in Sources */,
			);
			runOnlyForDeploymentPostprocessing = 0;
		};
		85EE6560266CBAE600A35691 /* Sources */ = {
			isa = PBXSourcesBuildPhase;
			buildActionMask = 2147483647;
			files = (
				85EE6569266CBAE600A35691 /* WordplayTests.swift in Sources */,
			);
			runOnlyForDeploymentPostprocessing = 0;
		};
		85EE656B266CBAE600A35691 /* Sources */ = {
			isa = PBXSourcesBuildPhase;
			buildActionMask = 2147483647;
			files = (
				85EE6574266CBAE600A35691 /* WordplayUITests.swift in Sources */,
			);
			runOnlyForDeploymentPostprocessing = 0;
		};
/* End PBXSourcesBuildPhase section */

/* Begin PBXTargetDependency section */
		85EE6566266CBAE600A35691 /* PBXTargetDependency */ = {
			isa = PBXTargetDependency;
			target = 85EE6552266CBAE200A35691 /* Wordplay */;
			targetProxy = 85EE6565266CBAE600A35691 /* PBXContainerItemProxy */;
		};
		85EE6571266CBAE600A35691 /* PBXTargetDependency */ = {
			isa = PBXTargetDependency;
			target = 85EE6552266CBAE200A35691 /* Wordplay */;
			targetProxy = 85EE6570266CBAE600A35691 /* PBXContainerItemProxy */;
		};
/* End PBXTargetDependency section */

/* Begin XCBuildConfiguration section */
		85EE6576266CBAE600A35691 /* Debug */ = {
			isa = XCBuildConfiguration;
			buildSettings = {
				ALWAYS_SEARCH_USER_PATHS = NO;
				CLANG_ANALYZER_NONNULL = YES;
				CLANG_ANALYZER_NUMBER_OBJECT_CONVERSION = YES_AGGRESSIVE;
				CLANG_CXX_LANGUAGE_STANDARD = "gnu++14";
				CLANG_CXX_LIBRARY = "libc++";
				CLANG_ENABLE_MODULES = YES;
				CLANG_ENABLE_OBJC_ARC = YES;
				CLANG_ENABLE_OBJC_WEAK = YES;
				CLANG_WARN_BLOCK_CAPTURE_AUTORELEASING = YES;
				CLANG_WARN_BOOL_CONVERSION = YES;
				CLANG_WARN_COMMA = YES;
				CLANG_WARN_CONSTANT_CONVERSION = YES;
				CLANG_WARN_DEPRECATED_OBJC_IMPLEMENTATIONS = YES;
				CLANG_WARN_DIRECT_OBJC_ISA_USAGE = YES_ERROR;
				CLANG_WARN_DOCUMENTATION_COMMENTS = YES;
				CLANG_WARN_EMPTY_BODY = YES;
				CLANG_WARN_ENUM_CONVERSION = YES;
				CLANG_WARN_INFINITE_RECURSION = YES;
				CLANG_WARN_INT_CONVERSION = YES;
				CLANG_WARN_NON_LITERAL_NULL_CONVERSION = YES;
				CLANG_WARN_OBJC_IMPLICIT_RETAIN_SELF = YES;
				CLANG_WARN_OBJC_LITERAL_CONVERSION = YES;
				CLANG_WARN_OBJC_ROOT_CLASS = YES_ERROR;
				CLANG_WARN_QUOTED_INCLUDE_IN_FRAMEWORK_HEADER = YES;
				CLANG_WARN_RANGE_LOOP_ANALYSIS = YES;
				CLANG_WARN_STRICT_PROTOTYPES = YES;
				CLANG_WARN_SUSPICIOUS_MOVE = YES;
				CLANG_WARN_UNGUARDED_AVAILABILITY = YES_AGGRESSIVE;
				CLANG_WARN_UNREACHABLE_CODE = YES;
				CLANG_WARN__DUPLICATE_METHOD_MATCH = YES;
				COPY_PHASE_STRIP = NO;
				DEBUG_INFORMATION_FORMAT = dwarf;
				ENABLE_STRICT_OBJC_MSGSEND = YES;
				ENABLE_TESTABILITY = YES;
				GCC_C_LANGUAGE_STANDARD = gnu11;
				GCC_DYNAMIC_NO_PIC = NO;
				GCC_NO_COMMON_BLOCKS = YES;
				GCC_OPTIMIZATION_LEVEL = 0;
				GCC_PREPROCESSOR_DEFINITIONS = (
					"DEBUG=1",
					"$(inherited)",
				);
				GCC_WARN_64_TO_32_BIT_CONVERSION = YES;
				GCC_WARN_ABOUT_RETURN_TYPE = YES_ERROR;
				GCC_WARN_UNDECLARED_SELECTOR = YES;
				GCC_WARN_UNINITIALIZED_AUTOS = YES_AGGRESSIVE;
				GCC_WARN_UNUSED_FUNCTION = YES;
				GCC_WARN_UNUSED_VARIABLE = YES;
				IPHONEOS_DEPLOYMENT_TARGET = 14.5;
				MTL_ENABLE_DEBUG_INFO = INCLUDE_SOURCE;
				MTL_FAST_MATH = YES;
				ONLY_ACTIVE_ARCH = YES;
				SDKROOT = iphoneos;
				SWIFT_ACTIVE_COMPILATION_CONDITIONS = DEBUG;
				SWIFT_OPTIMIZATION_LEVEL = "-Onone";
			};
			name = Debug;
		};
		85EE6577266CBAE600A35691 /* Release */ = {
			isa = XCBuildConfiguration;
			buildSettings = {
				ALWAYS_SEARCH_USER_PATHS = NO;
				CLANG_ANALYZER_NONNULL = YES;
				CLANG_ANALYZER_NUMBER_OBJECT_CONVERSION = YES_AGGRESSIVE;
				CLANG_CXX_LANGUAGE_STANDARD = "gnu++14";
				CLANG_CXX_LIBRARY = "libc++";
				CLANG_ENABLE_MODULES = YES;
				CLANG_ENABLE_OBJC_ARC = YES;
				CLANG_ENABLE_OBJC_WEAK = YES;
				CLANG_WARN_BLOCK_CAPTURE_AUTORELEASING = YES;
				CLANG_WARN_BOOL_CONVERSION = YES;
				CLANG_WARN_COMMA = YES;
				CLANG_WARN_CONSTANT_CONVERSION = YES;
				CLANG_WARN_DEPRECATED_OBJC_IMPLEMENTATIONS = YES;
				CLANG_WARN_DIRECT_OBJC_ISA_USAGE = YES_ERROR;
				CLANG_WARN_DOCUMENTATION_COMMENTS = YES;
				CLANG_WARN_EMPTY_BODY = YES;
				CLANG_WARN_ENUM_CONVERSION = YES;
				CLANG_WARN_INFINITE_RECURSION = YES;
				CLANG_WARN_INT_CONVERSION = YES;
				CLANG_WARN_NON_LITERAL_NULL_CONVERSION = YES;
				CLANG_WARN_OBJC_IMPLICIT_RETAIN_SELF = YES;
				CLANG_WARN_OBJC_LITERAL_CONVERSION = YES;
				CLANG_WARN_OBJC_ROOT_CLASS = YES_ERROR;
				CLANG_WARN_QUOTED_INCLUDE_IN_FRAMEWORK_HEADER = YES;
				CLANG_WARN_RANGE_LOOP_ANALYSIS = YES;
				CLANG_WARN_STRICT_PROTOTYPES = YES;
				CLANG_WARN_SUSPICIOUS_MOVE = YES;
				CLANG_WARN_UNGUARDED_AVAILABILITY = YES_AGGRESSIVE;
				CLANG_WARN_UNREACHABLE_CODE = YES;
				CLANG_WARN__DUPLICATE_METHOD_MATCH = YES;
				COPY_PHASE_STRIP = NO;
				DEBUG_INFORMATION_FORMAT = "dwarf-with-dsym";
				ENABLE_NS_ASSERTIONS = NO;
				ENABLE_STRICT_OBJC_MSGSEND = YES;
				GCC_C_LANGUAGE_STANDARD = gnu11;
				GCC_NO_COMMON_BLOCKS = YES;
				GCC_WARN_64_TO_32_BIT_CONVERSION = YES;
				GCC_WARN_ABOUT_RETURN_TYPE = YES_ERROR;
				GCC_WARN_UNDECLARED_SELECTOR = YES;
				GCC_WARN_UNINITIALIZED_AUTOS = YES_AGGRESSIVE;
				GCC_WARN_UNUSED_FUNCTION = YES;
				GCC_WARN_UNUSED_VARIABLE = YES;
				IPHONEOS_DEPLOYMENT_TARGET = 14.5;
				MTL_ENABLE_DEBUG_INFO = NO;
				MTL_FAST_MATH = YES;
				SDKROOT = iphoneos;
				SWIFT_COMPILATION_MODE = wholemodule;
				SWIFT_OPTIMIZATION_LEVEL = "-O";
				VALIDATE_PRODUCT = YES;
			};
			name = Release;
		};
		85EE6579266CBAE600A35691 /* Debug */ = {
			isa = XCBuildConfiguration;
			buildSettings = {
				ASSETCATALOG_COMPILER_APPICON_NAME = AppIcon;
				ASSETCATALOG_COMPILER_GLOBAL_ACCENT_COLOR_NAME = AccentColor;
				CODE_SIGN_STYLE = Automatic;
				DEVELOPMENT_ASSET_PATHS = "\"Wordplay/Preview Content\"";
				DEVELOPMENT_TEAM = T9DDB4H4HQ;
				ENABLE_PREVIEWS = YES;
				INFOPLIST_FILE = Wordplay/Info.plist;
				IPHONEOS_DEPLOYMENT_TARGET = 14.0;
				LD_RUNPATH_SEARCH_PATHS = (
					"$(inherited)",
					"@executable_path/Frameworks",
				);
				PRODUCT_BUNDLE_IDENTIFIER = com.atinagnihotri.Wordplay;
				PRODUCT_NAME = "$(TARGET_NAME)";
				SWIFT_VERSION = 5.0;
				TARGETED_DEVICE_FAMILY = "1,2";
			};
			name = Debug;
		};
		85EE657A266CBAE600A35691 /* Release */ = {
			isa = XCBuildConfiguration;
			buildSettings = {
				ASSETCATALOG_COMPILER_APPICON_NAME = AppIcon;
				ASSETCATALOG_COMPILER_GLOBAL_ACCENT_COLOR_NAME = AccentColor;
				CODE_SIGN_STYLE = Automatic;
				DEVELOPMENT_ASSET_PATHS = "\"Wordplay/Preview Content\"";
				DEVELOPMENT_TEAM = T9DDB4H4HQ;
				ENABLE_PREVIEWS = YES;
				INFOPLIST_FILE = Wordplay/Info.plist;
				IPHONEOS_DEPLOYMENT_TARGET = 14.0;
				LD_RUNPATH_SEARCH_PATHS = (
					"$(inherited)",
					"@executable_path/Frameworks",
				);
				PRODUCT_BUNDLE_IDENTIFIER = com.atinagnihotri.Wordplay;
				PRODUCT_NAME = "$(TARGET_NAME)";
				SWIFT_VERSION = 5.0;
				TARGETED_DEVICE_FAMILY = "1,2";
			};
			name = Release;
		};
		85EE657C266CBAE600A35691 /* Debug */ = {
			isa = XCBuildConfiguration;
			buildSettings = {
				ALWAYS_EMBED_SWIFT_STANDARD_LIBRARIES = YES;
				BUNDLE_LOADER = "$(TEST_HOST)";
				CODE_SIGN_STYLE = Automatic;
				DEVELOPMENT_TEAM = T9DDB4H4HQ;
				INFOPLIST_FILE = WordplayTests/Info.plist;
				IPHONEOS_DEPLOYMENT_TARGET = 14.0;
				LD_RUNPATH_SEARCH_PATHS = (
					"$(inherited)",
					"@executable_path/Frameworks",
					"@loader_path/Frameworks",
				);
				PRODUCT_BUNDLE_IDENTIFIER = com.atinagnihotri.WordplayTests;
				PRODUCT_NAME = "$(TARGET_NAME)";
				SWIFT_VERSION = 5.0;
				TARGETED_DEVICE_FAMILY = "1,2";
				TEST_HOST = "$(BUILT_PRODUCTS_DIR)/Wordplay.app/Wordplay";
			};
			name = Debug;
		};
		85EE657D266CBAE600A35691 /* Release */ = {
			isa = XCBuildConfiguration;
			buildSettings = {
				ALWAYS_EMBED_SWIFT_STANDARD_LIBRARIES = YES;
				BUNDLE_LOADER = "$(TEST_HOST)";
				CODE_SIGN_STYLE = Automatic;
				DEVELOPMENT_TEAM = T9DDB4H4HQ;
				INFOPLIST_FILE = WordplayTests/Info.plist;
				IPHONEOS_DEPLOYMENT_TARGET = 14.0;
				LD_RUNPATH_SEARCH_PATHS = (
					"$(inherited)",
					"@executable_path/Frameworks",
					"@loader_path/Frameworks",
				);
				PRODUCT_BUNDLE_IDENTIFIER = com.atinagnihotri.WordplayTests;
				PRODUCT_NAME = "$(TARGET_NAME)";
				SWIFT_VERSION = 5.0;
				TARGETED_DEVICE_FAMILY = "1,2";
				TEST_HOST = "$(BUILT_PRODUCTS_DIR)/Wordplay.app/Wordplay";
			};
			name = Release;
		};
		85EE657F266CBAE600A35691 /* Debug */ = {
			isa = XCBuildConfiguration;
			buildSettings = {
				ALWAYS_EMBED_SWIFT_STANDARD_LIBRARIES = YES;
				CODE_SIGN_STYLE = Automatic;
				DEVELOPMENT_TEAM = T9DDB4H4HQ;
				INFOPLIST_FILE = WordplayUITests/Info.plist;
				LD_RUNPATH_SEARCH_PATHS = (
					"$(inherited)",
					"@executable_path/Frameworks",
					"@loader_path/Frameworks",
				);
				PRODUCT_BUNDLE_IDENTIFIER = com.atinagnihotri.WordplayUITests;
				PRODUCT_NAME = "$(TARGET_NAME)";
				SWIFT_VERSION = 5.0;
				TARGETED_DEVICE_FAMILY = "1,2";
				TEST_TARGET_NAME = Wordplay;
			};
			name = Debug;
		};
		85EE6580266CBAE600A35691 /* Release */ = {
			isa = XCBuildConfiguration;
			buildSettings = {
				ALWAYS_EMBED_SWIFT_STANDARD_LIBRARIES = YES;
				CODE_SIGN_STYLE = Automatic;
				DEVELOPMENT_TEAM = T9DDB4H4HQ;
				INFOPLIST_FILE = WordplayUITests/Info.plist;
				LD_RUNPATH_SEARCH_PATHS = (
					"$(inherited)",
					"@executable_path/Frameworks",
					"@loader_path/Frameworks",
				);
				PRODUCT_BUNDLE_IDENTIFIER = com.atinagnihotri.WordplayUITests;
				PRODUCT_NAME = "$(TARGET_NAME)";
				SWIFT_VERSION = 5.0;
				TARGETED_DEVICE_FAMILY = "1,2";
				TEST_TARGET_NAME = Wordplay;
			};
			name = Release;
		};
/* End XCBuildConfiguration section */

/* Begin XCConfigurationList section */
		85EE654E266CBAE100A35691 /* Build configuration list for PBXProject "Wordplay" */ = {
			isa = XCConfigurationList;
			buildConfigurations = (
				85EE6576266CBAE600A35691 /* Debug */,
				85EE6577266CBAE600A35691 /* Release */,
			);
			defaultConfigurationIsVisible = 0;
			defaultConfigurationName = Release;
		};
		85EE6578266CBAE600A35691 /* Build configuration list for PBXNativeTarget "Wordplay" */ = {
			isa = XCConfigurationList;
			buildConfigurations = (
				85EE6579266CBAE600A35691 /* Debug */,
				85EE657A266CBAE600A35691 /* Release */,
			);
			defaultConfigurationIsVisible = 0;
			defaultConfigurationName = Release;
		};
		85EE657B266CBAE600A35691 /* Build configuration list for PBXNativeTarget "WordplayTests" */ = {
			isa = XCConfigurationList;
			buildConfigurations = (
				85EE657C266CBAE600A35691 /* Debug */,
				85EE657D266CBAE600A35691 /* Release */,
			);
			defaultConfigurationIsVisible = 0;
			defaultConfigurationName = Release;
		};
		85EE657E266CBAE600A35691 /* Build configuration list for PBXNativeTarget "WordplayUITests" */ = {
			isa = XCConfigurationList;
			buildConfigurations = (
				85EE657F266CBAE600A35691 /* Debug */,
				85EE6580266CBAE600A35691 /* Release */,
			);
			defaultConfigurationIsVisible = 0;
			defaultConfigurationName = Release;
		};
/* End XCConfigurationList section */
	};
	rootObject = 85EE654B266CBAE100A35691 /* Project object */;
}
